
Microsoft Visual Studio Solution File, Format Version 11.00
# Visual Studio 2010
Project("{8BC9CEB8-8B4A-11D0-8D11-00A0C91BC942}") = "Executable", "Executable\Executable.vcxproj", "{8AA24931-650B-4B86-9F33-87E5842E0093}"
EndProject
Project("{8BC9CEB8-8B4A-11D0-8D11-00A0C91BC942}") = "Core", "Core\Core.vcxproj", "{2A0B1F12-3C14-416E-9B15-9B172BF98129}"
EndProject
Project("{2150E333-8FDC-42A3-9474-1A3956D46DE8}") = "Timer", "Timer", "{EFE914B2-B55D-4C84-9C6C-1C12E672B951}"
EndProject
Project("{8BC9CEB8-8B4A-11D0-8D11-00A0C91BC942}") = "Timer", "Timer\Timer.vcxproj", "{2957CA58-858F-4BBA-B06A-ABE68FA8989A}"
EndProject
Global
	GlobalSection(SolutionConfigurationPlatforms) = preSolution
		Debug|Win32 = Debug|Win32
		Release|Win32 = Release|Win32
	EndGlobalSection
	GlobalSection(ProjectConfigurationPlatforms) = postSolution
		{8AA24931-650B-4B86-9F33-87E5842E0093}.Debug|Win32.ActiveCfg = Debug|Win32
		{8AA24931-650B-4B86-9F33-87E5842E0093}.Debug|Win32.Build.0 = Debug|Win32
		{8AA24931-650B-4B86-9F33-87E5842E0093}.Release|Win32.ActiveCfg = Release|Win32
		{8AA24931-650B-4B86-9F33-87E5842E0093}.Release|Win32.Build.0 = Release|Win32
		{2A0B1F12-3C14-416E-9B15-9B172BF98129}.Debug|Win32.ActiveCfg = Debug|Win32
		{2A0B1F12-3C14-416E-9B15-9B172BF98129}.Debug|Win32.Build.0 = Debug|Win32
		{2A0B1F12-3C14-416E-9B15-9B172BF98129}.Release|Win32.ActiveCfg = Release|Win32
		{2A0B1F12-3C14-416E-9B15-9B172BF98129}.Release|Win32.Build.0 = Release|Win32
		{2957CA58-858F-4BBA-B06A-ABE68FA8989A}.Debug|Win32.ActiveCfg = Debug|Win32
		{2957CA58-858F-4BBA-B06A-ABE68FA8989A}.Debug|Win32.Build.0 = Debug|Win32
		{2957CA58-858F-4BBA-B06A-ABE68FA8989A}.Release|Win32.ActiveCfg = Release|Win32
		{2957CA58-858F-4BBA-B06A-ABE68FA8989A}.Release|Win32.Build.0 = Release|Win32
	EndGlobalSection
	GlobalSection(SolutionProperties) = preSolution
		HideSolutionNode = FALSE
	EndGlobalSection
	GlobalSection(NestedProjects) = preSolution
		{2A0B1F12-3C14-416E-9B15-9B172BF98129} = {EFE914B2-B55D-4C84-9C6C-1C12E672B951}
		{2957CA58-858F-4BBA-B06A-ABE68FA8989A} = {EFE914B2-B55D-4C84-9C6C-1C12E672B951}
	EndGlobalSection
EndGlobal
